
Microsoft Visual Studio Solution File, Format Version 12.00
# Visual Studio Version 16
VisualStudioVersion = 25.0.1705.0
MinimumVisualStudioVersion = 10.0.40219.1
Project("{FAE04EC0-301F-11D3-BF4B-00C04F79EFBC}") = "TeleQuiver", "TeleQuiver\TeleQuiver.csproj", "{9A23871F-EEA3-4436-82C2-B8463AC207D5}"
EndProject
Project("{FAE04EC0-301F-11D3-BF4B-00C04F79EFBC}") = "TeleArrow", "TeleArrow\TeleArrow.csproj", "{8A278421-4CC8-49ED-9DCF-87BD45AC0145}"
EndProject
Project("{FAE04EC0-301F-11D3-BF4B-00C04F79EFBC}") = "TeleCLI", "TeleCLI\TeleCLI.csproj", "{04DE8AD0-C83E-4505-B52B-778A3CFBCB0F}"
EndProject
Project("{2150E333-8FDC-42A3-9474-1A3956D46DE8}") = "Solution Items", "Solution Items", "{24ABC28C-2D19-4C11-8F6B-0A11792DC076}"
EndProject
Global
	GlobalSection(SolutionConfigurationPlatforms) = preSolution
		Debug|Any CPU = Debug|Any CPU
		Release|Any CPU = Release|Any CPU
	EndGlobalSection
	GlobalSection(ProjectConfigurationPlatforms) = postSolution
		{9A23871F-EEA3-4436-82C2-B8463AC207D5}.Debug|Any CPU.ActiveCfg = Debug|Any CPU
		{9A23871F-EEA3-4436-82C2-B8463AC207D5}.Debug|Any CPU.Build.0 = Debug|Any CPU
		{9A23871F-EEA3-4436-82C2-B8463AC207D5}.Release|Any CPU.ActiveCfg = Release|Any CPU
		{9A23871F-EEA3-4436-82C2-B8463AC207D5}.Release|Any CPU.Build.0 = Release|Any CPU
		{8A278421-4CC8-49ED-9DCF-87BD45AC0145}.Debug|Any CPU.ActiveCfg = Debug|Any CPU
		{8A278421-4CC8-49ED-9DCF-87BD45AC0145}.Debug|Any CPU.Build.0 = Debug|Any CPU
		{8A278421-4CC8-49ED-9DCF-87BD45AC0145}.Release|Any CPU.ActiveCfg = Release|Any CPU
		{8A278421-4CC8-49ED-9DCF-87BD45AC0145}.Release|Any CPU.Build.0 = Release|Any CPU
		{04DE8AD0-C83E-4505-B52B-778A3CFBCB0F}.Debug|Any CPU.ActiveCfg = Debug|Any CPU
		{04DE8AD0-C83E-4505-B52B-778A3CFBCB0F}.Debug|Any CPU.Build.0 = Debug|Any CPU
		{04DE8AD0-C83E-4505-B52B-778A3CFBCB0F}.Release|Any CPU.ActiveCfg = Release|Any CPU
		{04DE8AD0-C83E-4505-B52B-778A3CFBCB0F}.Release|Any CPU.Build.0 = Release|Any CPU
	EndGlobalSection
	GlobalSection(SolutionProperties) = preSolution
		HideSolutionNode = FALSE
	EndGlobalSection
	GlobalSection(ExtensibilityGlobals) = postSolution
		SolutionGuid = {C28557B0-B0E8-47F9-9383-D4C666A669A3}
	EndGlobalSection
EndGlobal
